
Microsoft Visual Studio Solution File, Format Version 12.00
# Visual Studio 15
VisualStudioVersion = 15.0.28307.1231
MinimumVisualStudioVersion = 10.0.40219.1
Project("{FAE04EC0-301F-11D3-BF4B-00C04F79EFBC}") = "WebNhacCu", "WebNhacCu\WebNhacCu.csproj", "{698B758C-395C-4D45-B637-89DE3DFF9448}"
EndProject
Project("{FAE04EC0-301F-11D3-BF4B-00C04F79EFBC}") = "BUS", "BUS\BUS.csproj", "{91C6919C-EB6C-4009-B70B-2CC30D519953}"
EndProject
Project("{FAE04EC0-301F-11D3-BF4B-00C04F79EFBC}") = "DAL", "DAL\DAL.csproj", "{2F5C5371-325C-4861-9ED5-4ACB1C43B7C2}"
EndProject
Project("{FAE04EC0-301F-11D3-BF4B-00C04F79EFBC}") = "DTO", "DTO\DTO.csproj", "{D550C0E7-680B-44FE-BAF3-0C9FBCC5B69A}"
EndProject
Global
	GlobalSection(SolutionConfigurationPlatforms) = preSolution
		Debug|Any CPU = Debug|Any CPU
		Release|Any CPU = Release|Any CPU
	EndGlobalSection
	GlobalSection(ProjectConfigurationPlatforms) = postSolution
		{698B758C-395C-4D45-B637-89DE3DFF9448}.Debug|Any CPU.ActiveCfg = Debug|Any CPU
		{698B758C-395C-4D45-B637-89DE3DFF9448}.Debug|Any CPU.Build.0 = Debug|Any CPU
		{698B758C-395C-4D45-B637-89DE3DFF9448}.Release|Any CPU.ActiveCfg = Release|Any CPU
		{698B758C-395C-4D45-B637-89DE3DFF9448}.Release|Any CPU.Build.0 = Release|Any CPU
		{91C6919C-EB6C-4009-B70B-2CC30D519953}.Debug|Any CPU.ActiveCfg = Debug|Any CPU
		{91C6919C-EB6C-4009-B70B-2CC30D519953}.Debug|Any CPU.Build.0 = Debug|Any CPU
		{91C6919C-EB6C-4009-B70B-2CC30D519953}.Release|Any CPU.ActiveCfg = Release|Any CPU
		{91C6919C-EB6C-4009-B70B-2CC30D519953}.Release|Any CPU.Build.0 = Release|Any CPU
		{2F5C5371-325C-4861-9ED5-4ACB1C43B7C2}.Debug|Any CPU.ActiveCfg = Debug|Any CPU
		{2F5C5371-325C-4861-9ED5-4ACB1C43B7C2}.Debug|Any CPU.Build.0 = Debug|Any CPU
		{2F5C5371-325C-4861-9ED5-4ACB1C43B7C2}.Release|Any CPU.ActiveCfg = Release|Any CPU
		{2F5C5371-325C-4861-9ED5-4ACB1C43B7C2}.Release|Any CPU.Build.0 = Release|Any CPU
		{D550C0E7-680B-44FE-BAF3-0C9FBCC5B69A}.Debug|Any CPU.ActiveCfg = Debug|Any CPU
		{D550C0E7-680B-44FE-BAF3-0C9FBCC5B69A}.Debug|Any CPU.Build.0 = Debug|Any CPU
		{D550C0E7-680B-44FE-BAF3-0C9FBCC5B69A}.Release|Any CPU.ActiveCfg = Release|Any CPU
		{D550C0E7-680B-44FE-BAF3-0C9FBCC5B69A}.Release|Any CPU.Build.0 = Release|Any CPU
	EndGlobalSection
	GlobalSection(SolutionProperties) = preSolution
		HideSolutionNode = FALSE
	EndGlobalSection
	GlobalSection(ExtensibilityGlobals) = postSolution
		SolutionGuid = {4188F970-158A-405A-B922-34322B7E62A5}
	EndGlobalSection
EndGlobal
